{
  "name": "@ralvarezdev/js-express",
  "version": "0.1.0",
  "lockfileVersion": 3,
  "requires": true,
  "packages": {
    "": {
      "name": "@ralvarezdev/js-express",
      "version": "0.1.0",
      "license": "ISC",
      "dependencies": {
        "@ralvarezdev/js-mode": "^0.1.1"
      }
    },
    "node_modules/@ralvarezdev/js-mode": {
      "version": "0.1.1",
      "resolved": "https://registry.npmjs.org/@ralvarezdev/js-mode/-/js-mode-0.1.1.tgz",
      "integrity": "sha512-we4JSibfy5n+ZdjmJNaAp+RaO4knkw5Z2Tt8KsTUPeR3nQ8B3UP1Mxc+J5nBluARk24Rg7k9/21QHh0YpQV91Q=="
    }
  }
}
